
Microsoft Visual Studio Solution File, Format Version 12.00
# Visual Studio Version 16
VisualStudioVersion = 25.0.1704.4
MinimumVisualStudioVersion = 10.0.40219.1
Project("{FAE04EC0-301F-11D3-BF4B-00C04F79EFBC}") = "SIS", "StudentInformationSystem\SIS.csproj", "{DE7949AA-48AD-4FEB-AF0D-E074795485F6}"
EndProject
Global
	GlobalSection(SolutionConfigurationPlatforms) = preSolution
		Debug|Any CPU = Debug|Any CPU
		Release|Any CPU = Release|Any CPU
	EndGlobalSection
	GlobalSection(ProjectConfigurationPlatforms) = postSolution
		{DE7949AA-48AD-4FEB-AF0D-E074795485F6}.Debug|Any CPU.ActiveCfg = Debug|Any CPU
		{DE7949AA-48AD-4FEB-AF0D-E074795485F6}.Debug|Any CPU.Build.0 = Debug|Any CPU
		{DE7949AA-48AD-4FEB-AF0D-E074795485F6}.Release|Any CPU.ActiveCfg = Release|Any CPU
		{DE7949AA-48AD-4FEB-AF0D-E074795485F6}.Release|Any CPU.Build.0 = Release|Any CPU
	EndGlobalSection
	GlobalSection(SolutionProperties) = preSolution
		HideSolutionNode = FALSE
	EndGlobalSection
	GlobalSection(ExtensibilityGlobals) = postSolution
		SolutionGuid = {FDF3D409-375C-473A-AE5F-43803250853A}
	EndGlobalSection
EndGlobal
